
Microsoft Visual Studio Solution File, Format Version 12.00
# Visual Studio Version 17
VisualStudioVersion = 17.5.002.0
MinimumVisualStudioVersion = 10.0.40219.1
Project("{2150E333-8FDC-42A3-9474-1A3956D46DE8}") = "Labfiles", "Labfiles", "{8844E200-212B-44FB-BE9D-09AAEC47CD1B}"
EndProject
Project("{2150E333-8FDC-42A3-9474-1A3956D46DE8}") = "01-analyze-text", "01-analyze-text", "{1FC2BF6B-FCD5-4451-9A18-BE4E74832122}"
EndProject
Project("{2150E333-8FDC-42A3-9474-1A3956D46DE8}") = "C-Sharp", "C-Sharp", "{95809A6D-59BC-48DC-82AB-4703F2CE1BB7}"
EndProject
Project("{9A19103F-16F7-4668-BE54-9A1E7A4F7556}") = "text-analysis", "Labfiles\01-analyze-text\C-Sharp\text-analysis\text-analysis.csproj", "{71B1DC94-89C5-4CEC-8534-A3D4D853579C}"
EndProject
Project("{2150E333-8FDC-42A3-9474-1A3956D46DE8}") = "02-qna", "02-qna", "{A88132A1-B3B9-49F2-8CC3-656255585F4E}"
EndProject
Project("{2150E333-8FDC-42A3-9474-1A3956D46DE8}") = "C-Sharp", "C-Sharp", "{94A50FA8-7511-4513-830F-32194FE891C9}"
EndProject
Project("{9A19103F-16F7-4668-BE54-9A1E7A4F7556}") = "qna-app", "Labfiles\02-qna\C-Sharp\qna-app\qna-app.csproj", "{B3C4B420-BAD9-4020-94C4-B8DA63FF8F34}"
EndProject
Project("{2150E333-8FDC-42A3-9474-1A3956D46DE8}") = "03-language", "03-language", "{92EDF44E-7FEB-4967-B181-327F76CEFBFD}"
EndProject
Project("{2150E333-8FDC-42A3-9474-1A3956D46DE8}") = "C-Sharp", "C-Sharp", "{8A6DE573-5457-474A-893D-2D408BEA505C}"
EndProject
Project("{9A19103F-16F7-4668-BE54-9A1E7A4F7556}") = "clock_client", "Labfiles\03-language\C-Sharp\clock-client\clock_client.csproj", "{866CE0F0-8C12-4ACA-943F-2D2978EAAA30}"
EndProject
Project("{2150E333-8FDC-42A3-9474-1A3956D46DE8}") = "04-text-classification", "04-text-classification", "{FA041F21-F05D-4D04-A6A1-734EB151D0FF}"
EndProject
Project("{2150E333-8FDC-42A3-9474-1A3956D46DE8}") = "C-Sharp", "C-Sharp", "{14455482-1FC6-4F9A-888F-D9C5FBE9A727}"
EndProject
Project("{9A19103F-16F7-4668-BE54-9A1E7A4F7556}") = "classify-text", "Labfiles\04-text-classification\C-Sharp\classify-text\classify-text.csproj", "{5CC81C5F-9652-4D53-AC1D-4FC3D68E705C}"
EndProject
Project("{2150E333-8FDC-42A3-9474-1A3956D46DE8}") = "05-custom-entity-recognition", "05-custom-entity-recognition", "{5AB750CF-A4BF-48A6-9A76-6A7328D38CCB}"
EndProject
Project("{2150E333-8FDC-42A3-9474-1A3956D46DE8}") = "C-Sharp", "C-Sharp", "{9BC370D0-7B32-4D2B-86F2-6F529456D148}"
EndProject
Project("{9A19103F-16F7-4668-BE54-9A1E7A4F7556}") = "custom-entities", "Labfiles\05-custom-entity-recognition\C-Sharp\custom-entities\custom-entities.csproj", "{A4911813-57C2-47BF-B8DA-22DCCA3ADCD7}"
EndProject
Project("{2150E333-8FDC-42A3-9474-1A3956D46DE8}") = "06-translate-text", "06-translate-text", "{CAD6863D-4B10-4825-B8D9-3F7B64FBB540}"
EndProject
Project("{2150E333-8FDC-42A3-9474-1A3956D46DE8}") = "C-Sharp", "C-Sharp", "{90383F47-B97C-46AE-BA2A-843907A0970D}"
EndProject
Project("{9A19103F-16F7-4668-BE54-9A1E7A4F7556}") = "translate_text", "Labfiles\06-translate-text\C-Sharp\text-translation\translate_text.csproj", "{F142B5E6-FE6E-4460-BB24-6C0282768786}"
EndProject
Project("{2150E333-8FDC-42A3-9474-1A3956D46DE8}") = "06b-translator-sdk", "06b-translator-sdk", "{67C9A4A7-245A-4860-8020-C0910E013CD2}"
EndProject
Project("{2150E333-8FDC-42A3-9474-1A3956D46DE8}") = "C-Sharp", "C-Sharp", "{D151E1DF-BD7E-41EA-89A7-817DBF61BC59}"
EndProject
Project("{9A19103F-16F7-4668-BE54-9A1E7A4F7556}") = "translate_text", "Labfiles\06b-translator-sdk\C-Sharp\translate-text\translate_text.csproj", "{F5A34CE3-BD8C-479A-8D5B-D66085CDB82B}"
EndProject
Project("{2150E333-8FDC-42A3-9474-1A3956D46DE8}") = "07-speech", "07-speech", "{E5463654-F8FE-413B-ACC2-DFF8A9AD5F62}"
EndProject
Project("{2150E333-8FDC-42A3-9474-1A3956D46DE8}") = "C-Sharp", "C-Sharp", "{8BF82777-677D-49B8-8D64-6FC1E506974D}"
EndProject
Project("{9A19103F-16F7-4668-BE54-9A1E7A4F7556}") = "speaking-clock", "Labfiles\07-speech\C-Sharp\speaking-clock\speaking-clock.csproj", "{2D60E2D3-82B1-4A67-AA9E-8D7C970E00CC}"
EndProject
Project("{2150E333-8FDC-42A3-9474-1A3956D46DE8}") = "08-speech-translation", "08-speech-translation", "{DE36F4B5-4F1B-4EC4-A309-72A9D14F0C89}"
EndProject
Project("{2150E333-8FDC-42A3-9474-1A3956D46DE8}") = "C-Sharp", "C-Sharp", "{0DED9B45-3F69-46EA-9044-DF0175214238}"
EndProject
Project("{9A19103F-16F7-4668-BE54-9A1E7A4F7556}") = "translator", "Labfiles\08-speech-translation\C-Sharp\translator\translator.csproj", "{1F14090E-E711-4ACD-81DE-96ADD2DC03A1}"
EndProject
Global
	GlobalSection(SolutionConfigurationPlatforms) = preSolution
		Debug|Any CPU = Debug|Any CPU
		Release|Any CPU = Release|Any CPU
	EndGlobalSection
	GlobalSection(ProjectConfigurationPlatforms) = postSolution
		{71B1DC94-89C5-4CEC-8534-A3D4D853579C}.Debug|Any CPU.ActiveCfg = Debug|Any CPU
		{71B1DC94-89C5-4CEC-8534-A3D4D853579C}.Debug|Any CPU.Build.0 = Debug|Any CPU
		{71B1DC94-89C5-4CEC-8534-A3D4D853579C}.Release|Any CPU.ActiveCfg = Release|Any CPU
		{71B1DC94-89C5-4CEC-8534-A3D4D853579C}.Release|Any CPU.Build.0 = Release|Any CPU
		{B3C4B420-BAD9-4020-94C4-B8DA63FF8F34}.Debug|Any CPU.ActiveCfg = Debug|Any CPU
		{B3C4B420-BAD9-4020-94C4-B8DA63FF8F34}.Debug|Any CPU.Build.0 = Debug|Any CPU
		{B3C4B420-BAD9-4020-94C4-B8DA63FF8F34}.Release|Any CPU.ActiveCfg = Release|Any CPU
		{B3C4B420-BAD9-4020-94C4-B8DA63FF8F34}.Release|Any CPU.Build.0 = Release|Any CPU
		{866CE0F0-8C12-4ACA-943F-2D2978EAAA30}.Debug|Any CPU.ActiveCfg = Debug|Any CPU
		{866CE0F0-8C12-4ACA-943F-2D2978EAAA30}.Debug|Any CPU.Build.0 = Debug|Any CPU
		{866CE0F0-8C12-4ACA-943F-2D2978EAAA30}.Release|Any CPU.ActiveCfg = Release|Any CPU
		{866CE0F0-8C12-4ACA-943F-2D2978EAAA30}.Release|Any CPU.Build.0 = Release|Any CPU
		{5CC81C5F-9652-4D53-AC1D-4FC3D68E705C}.Debug|Any CPU.ActiveCfg = Debug|Any CPU
		{5CC81C5F-9652-4D53-AC1D-4FC3D68E705C}.Debug|Any CPU.Build.0 = Debug|Any CPU
		{5CC81C5F-9652-4D53-AC1D-4FC3D68E705C}.Release|Any CPU.ActiveCfg = Release|Any CPU
		{5CC81C5F-9652-4D53-AC1D-4FC3D68E705C}.Release|Any CPU.Build.0 = Release|Any CPU
		{A4911813-57C2-47BF-B8DA-22DCCA3ADCD7}.Debug|Any CPU.ActiveCfg = Debug|Any CPU
		{A4911813-57C2-47BF-B8DA-22DCCA3ADCD7}.Debug|Any CPU.Build.0 = Debug|Any CPU
		{A4911813-57C2-47BF-B8DA-22DCCA3ADCD7}.Release|Any CPU.ActiveCfg = Release|Any CPU
		{A4911813-57C2-47BF-B8DA-22DCCA3ADCD7}.Release|Any CPU.Build.0 = Release|Any CPU
		{F142B5E6-FE6E-4460-BB24-6C0282768786}.Debug|Any CPU.ActiveCfg = Debug|Any CPU
		{F142B5E6-FE6E-4460-BB24-6C0282768786}.Debug|Any CPU.Build.0 = Debug|Any CPU
		{F142B5E6-FE6E-4460-BB24-6C0282768786}.Release|Any CPU.ActiveCfg = Release|Any CPU
		{F142B5E6-FE6E-4460-BB24-6C0282768786}.Release|Any CPU.Build.0 = Release|Any CPU
		{F5A34CE3-BD8C-479A-8D5B-D66085CDB82B}.Debug|Any CPU.ActiveCfg = Debug|Any CPU
		{F5A34CE3-BD8C-479A-8D5B-D66085CDB82B}.Debug|Any CPU.Build.0 = Debug|Any CPU
		{F5A34CE3-BD8C-479A-8D5B-D66085CDB82B}.Release|Any CPU.ActiveCfg = Release|Any CPU
		{F5A34CE3-BD8C-479A-8D5B-D66085CDB82B}.Release|Any CPU.Build.0 = Release|Any CPU
		{2D60E2D3-82B1-4A67-AA9E-8D7C970E00CC}.Debug|Any CPU.ActiveCfg = Debug|Any CPU
		{2D60E2D3-82B1-4A67-AA9E-8D7C970E00CC}.Debug|Any CPU.Build.0 = Debug|Any CPU
		{2D60E2D3-82B1-4A67-AA9E-8D7C970E00CC}.Release|Any CPU.ActiveCfg = Release|Any CPU
		{2D60E2D3-82B1-4A67-AA9E-8D7C970E00CC}.Release|Any CPU.Build.0 = Release|Any CPU
		{1F14090E-E711-4ACD-81DE-96ADD2DC03A1}.Debug|Any CPU.ActiveCfg = Debug|Any CPU
		{1F14090E-E711-4ACD-81DE-96ADD2DC03A1}.Debug|Any CPU.Build.0 = Debug|Any CPU
		{1F14090E-E711-4ACD-81DE-96ADD2DC03A1}.Release|Any CPU.ActiveCfg = Release|Any CPU
		{1F14090E-E711-4ACD-81DE-96ADD2DC03A1}.Release|Any CPU.Build.0 = Release|Any CPU
	EndGlobalSection
	GlobalSection(SolutionProperties) = preSolution
		HideSolutionNode = FALSE
	EndGlobalSection
	GlobalSection(NestedProjects) = preSolution
		{1FC2BF6B-FCD5-4451-9A18-BE4E74832122} = {8844E200-212B-44FB-BE9D-09AAEC47CD1B}
		{95809A6D-59BC-48DC-82AB-4703F2CE1BB7} = {1FC2BF6B-FCD5-4451-9A18-BE4E74832122}
		{71B1DC94-89C5-4CEC-8534-A3D4D853579C} = {95809A6D-59BC-48DC-82AB-4703F2CE1BB7}
		{A88132A1-B3B9-49F2-8CC3-656255585F4E} = {8844E200-212B-44FB-BE9D-09AAEC47CD1B}
		{94A50FA8-7511-4513-830F-32194FE891C9} = {A88132A1-B3B9-49F2-8CC3-656255585F4E}
		{B3C4B420-BAD9-4020-94C4-B8DA63FF8F34} = {94A50FA8-7511-4513-830F-32194FE891C9}
		{92EDF44E-7FEB-4967-B181-327F76CEFBFD} = {8844E200-212B-44FB-BE9D-09AAEC47CD1B}
		{8A6DE573-5457-474A-893D-2D408BEA505C} = {92EDF44E-7FEB-4967-B181-327F76CEFBFD}
		{866CE0F0-8C12-4ACA-943F-2D2978EAAA30} = {8A6DE573-5457-474A-893D-2D408BEA505C}
		{FA041F21-F05D-4D04-A6A1-734EB151D0FF} = {8844E200-212B-44FB-BE9D-09AAEC47CD1B}
		{14455482-1FC6-4F9A-888F-D9C5FBE9A727} = {FA041F21-F05D-4D04-A6A1-734EB151D0FF}
		{5CC81C5F-9652-4D53-AC1D-4FC3D68E705C} = {14455482-1FC6-4F9A-888F-D9C5FBE9A727}
		{5AB750CF-A4BF-48A6-9A76-6A7328D38CCB} = {8844E200-212B-44FB-BE9D-09AAEC47CD1B}
		{9BC370D0-7B32-4D2B-86F2-6F529456D148} = {5AB750CF-A4BF-48A6-9A76-6A7328D38CCB}
		{A4911813-57C2-47BF-B8DA-22DCCA3ADCD7} = {9BC370D0-7B32-4D2B-86F2-6F529456D148}
		{CAD6863D-4B10-4825-B8D9-3F7B64FBB540} = {8844E200-212B-44FB-BE9D-09AAEC47CD1B}
		{90383F47-B97C-46AE-BA2A-843907A0970D} = {CAD6863D-4B10-4825-B8D9-3F7B64FBB540}
		{F142B5E6-FE6E-4460-BB24-6C0282768786} = {90383F47-B97C-46AE-BA2A-843907A0970D}
		{67C9A4A7-245A-4860-8020-C0910E013CD2} = {8844E200-212B-44FB-BE9D-09AAEC47CD1B}
		{D151E1DF-BD7E-41EA-89A7-817DBF61BC59} = {67C9A4A7-245A-4860-8020-C0910E013CD2}
		{F5A34CE3-BD8C-479A-8D5B-D66085CDB82B} = {D151E1DF-BD7E-41EA-89A7-817DBF61BC59}
		{E5463654-F8FE-413B-ACC2-DFF8A9AD5F62} = {8844E200-212B-44FB-BE9D-09AAEC47CD1B}
		{8BF82777-677D-49B8-8D64-6FC1E506974D} = {E5463654-F8FE-413B-ACC2-DFF8A9AD5F62}
		{2D60E2D3-82B1-4A67-AA9E-8D7C970E00CC} = {8BF82777-677D-49B8-8D64-6FC1E506974D}
		{DE36F4B5-4F1B-4EC4-A309-72A9D14F0C89} = {8844E200-212B-44FB-BE9D-09AAEC47CD1B}
		{0DED9B45-3F69-46EA-9044-DF0175214238} = {DE36F4B5-4F1B-4EC4-A309-72A9D14F0C89}
		{1F14090E-E711-4ACD-81DE-96ADD2DC03A1} = {0DED9B45-3F69-46EA-9044-DF0175214238}
	EndGlobalSection
	GlobalSection(ExtensibilityGlobals) = postSolution
		SolutionGuid = {63AD2252-CAE1-4217-AAF2-4CE7FE80D2CB}
	EndGlobalSection
EndGlobal
